
Microsoft Visual Studio Solution File, Format Version 12.00
# Visual Studio 15
VisualStudioVersion = 15.0.27703.2026
MinimumVisualStudioVersion = 10.0.40219.1
Project("{FAE04EC0-301F-11D3-BF4B-00C04F79EFBC}") = "FlowerConstellationBuilder", "FlowerConstellationBuilder\FlowerConstellationBuilder.csproj", "{3F264516-C286-47CD-B2B5-D6B3E9C9873F}"
EndProject
Global
	GlobalSection(SolutionConfigurationPlatforms) = preSolution
		Debug|Any CPU = Debug|Any CPU
		Release|Any CPU = Release|Any CPU
	EndGlobalSection
	GlobalSection(ProjectConfigurationPlatforms) = postSolution
		{3F264516-C286-47CD-B2B5-D6B3E9C9873F}.Debug|Any CPU.ActiveCfg = Debug|Any CPU
		{3F264516-C286-47CD-B2B5-D6B3E9C9873F}.Debug|Any CPU.Build.0 = Debug|Any CPU
		{3F264516-C286-47CD-B2B5-D6B3E9C9873F}.Release|Any CPU.ActiveCfg = Release|Any CPU
		{3F264516-C286-47CD-B2B5-D6B3E9C9873F}.Release|Any CPU.Build.0 = Release|Any CPU
	EndGlobalSection
	GlobalSection(SolutionProperties) = preSolution
		HideSolutionNode = FALSE
	EndGlobalSection
	GlobalSection(ExtensibilityGlobals) = postSolution
		SolutionGuid = {0BB05644-B328-444F-89FF-F0032551D517}
	EndGlobalSection
EndGlobal
