
Microsoft Visual Studio Solution File, Format Version 12.00
# Visual Studio Version 16
VisualStudioVersion = 16.0.29519.87
MinimumVisualStudioVersion = 10.0.40219.1
Project("{2150E333-8FDC-42A3-9474-1A3956D46DE8}") = "files", "files", "{BF3639ED-1067-4895-B5CA-0F46A3599183}"
	ProjectSection(SolutionItems) = preProject
		files\sample.tle = files\sample.tle
		files\Satellite1.e = files\Satellite1.e
		files\Satellite2.e = files\Satellite2.e
	EndProjectSection
EndProject
Project("{FAE04EC0-301F-11D3-BF4B-00C04F79EFBC}") = "EphemerisDifferencer", "EphemerisDifferencer.csproj", "{ECE2EB1E-FE5C-43D4-8C6F-E83E682617BA}"
EndProject
Global
	GlobalSection(SolutionConfigurationPlatforms) = preSolution
		Debug|Any CPU = Debug|Any CPU
		Release|Any CPU = Release|Any CPU
	EndGlobalSection
	GlobalSection(ProjectConfigurationPlatforms) = postSolution
		{ECE2EB1E-FE5C-43D4-8C6F-E83E682617BA}.Debug|Any CPU.ActiveCfg = Debug|Any CPU
		{ECE2EB1E-FE5C-43D4-8C6F-E83E682617BA}.Debug|Any CPU.Build.0 = Debug|Any CPU
		{ECE2EB1E-FE5C-43D4-8C6F-E83E682617BA}.Release|Any CPU.ActiveCfg = Release|Any CPU
		{ECE2EB1E-FE5C-43D4-8C6F-E83E682617BA}.Release|Any CPU.Build.0 = Release|Any CPU
	EndGlobalSection
	GlobalSection(SolutionProperties) = preSolution
		HideSolutionNode = FALSE
	EndGlobalSection
	GlobalSection(ExtensibilityGlobals) = postSolution
		SolutionGuid = {B57F6041-0156-474B-A2D2-6F73F45C1CF3}
	EndGlobalSection
EndGlobal
