
Microsoft Visual Studio Solution File, Format Version 12.00
# Visual Studio 15
VisualStudioVersion = 15.0.27130.2027
MinimumVisualStudioVersion = 10.0.40219.1
Project("{FAE04EC0-301F-11D3-BF4B-00C04F79EFBC}") = "WPFEngineApplication", "WPFEngineApplication\WPFEngineApplication.csproj", "{5253CCE0-315F-499A-902B-21880AE1882A}"
EndProject
Global
	GlobalSection(SolutionConfigurationPlatforms) = preSolution
		Debug|x64 = Debug|x64
		Debug|x86 = Debug|x86
		Release|x64 = Release|x64
		Release|x86 = Release|x86
	EndGlobalSection
	GlobalSection(ProjectConfigurationPlatforms) = postSolution
		{5253CCE0-315F-499A-902B-21880AE1882A}.Debug|x64.ActiveCfg = Debug|x64
		{5253CCE0-315F-499A-902B-21880AE1882A}.Debug|x64.Build.0 = Debug|x64
		{5253CCE0-315F-499A-902B-21880AE1882A}.Debug|x86.ActiveCfg = Debug|x86
		{5253CCE0-315F-499A-902B-21880AE1882A}.Debug|x86.Build.0 = Debug|x86
		{5253CCE0-315F-499A-902B-21880AE1882A}.Release|x64.ActiveCfg = Release|x64
		{5253CCE0-315F-499A-902B-21880AE1882A}.Release|x64.Build.0 = Release|x64
		{5253CCE0-315F-499A-902B-21880AE1882A}.Release|x86.ActiveCfg = Release|x86
		{5253CCE0-315F-499A-902B-21880AE1882A}.Release|x86.Build.0 = Release|x86
	EndGlobalSection
	GlobalSection(SolutionProperties) = preSolution
		HideSolutionNode = FALSE
	EndGlobalSection
	GlobalSection(ExtensibilityGlobals) = postSolution
		SolutionGuid = {49C8651C-8D65-4EA8-B202-500E0E9FAFF0}
	EndGlobalSection
EndGlobal
