
Microsoft Visual Studio Solution File, Format Version 12.00
# Visual Studio 15
VisualStudioVersion = 15.0.28010.2048
MinimumVisualStudioVersion = 10.0.40219.1
Project("{FAE04EC0-301F-11D3-BF4B-00C04F79EFBC}") = "RealtimeAircraftControl", "RealtimeAircraftControl.csproj", "{146D2428-AB07-4FDE-BF04-A00B266092AB}"
EndProject
Global
	GlobalSection(SolutionConfigurationPlatforms) = preSolution
		Debug|Any CPU = Debug|Any CPU
		Release|Any CPU = Release|Any CPU
	EndGlobalSection
	GlobalSection(ProjectConfigurationPlatforms) = postSolution
		{146D2428-AB07-4FDE-BF04-A00B266092AB}.Debug|Any CPU.ActiveCfg = Debug|Any CPU
		{146D2428-AB07-4FDE-BF04-A00B266092AB}.Debug|Any CPU.Build.0 = Debug|Any CPU
		{146D2428-AB07-4FDE-BF04-A00B266092AB}.Release|Any CPU.ActiveCfg = Release|Any CPU
		{146D2428-AB07-4FDE-BF04-A00B266092AB}.Release|Any CPU.Build.0 = Release|Any CPU
	EndGlobalSection
	GlobalSection(SolutionProperties) = preSolution
		HideSolutionNode = FALSE
	EndGlobalSection
	GlobalSection(ExtensibilityGlobals) = postSolution
		SolutionGuid = {2889B6E3-93D2-4E2E-89DB-8FB4A07C0006}
	EndGlobalSection
EndGlobal
