
Microsoft Visual Studio Solution File, Format Version 12.00
# Visual Studio Version 16
VisualStudioVersion = 16.0.30413.136
MinimumVisualStudioVersion = 10.0.40219.1
Project("{FAE04EC0-301F-11D3-BF4B-00C04F79EFBC}") = "Stk12.UiPlugin.Articulations", "Stk12.UiPlugin.Articulations\Stk12.UiPlugin.Articulations.csproj", "{8D4A2CB9-9E50-4BFD-98F5-EF7615615CC2}"
EndProject
Global
	GlobalSection(SolutionConfigurationPlatforms) = preSolution
		Debug|Any CPU = Debug|Any CPU
		Debug|x86 = Debug|x86
		Release|Any CPU = Release|Any CPU
		Release|x86 = Release|x86
	EndGlobalSection
	GlobalSection(ProjectConfigurationPlatforms) = postSolution
		{8D4A2CB9-9E50-4BFD-98F5-EF7615615CC2}.Debug|Any CPU.ActiveCfg = Debug|Any CPU
		{8D4A2CB9-9E50-4BFD-98F5-EF7615615CC2}.Debug|Any CPU.Build.0 = Debug|Any CPU
		{8D4A2CB9-9E50-4BFD-98F5-EF7615615CC2}.Debug|x86.ActiveCfg = Debug|x86
		{8D4A2CB9-9E50-4BFD-98F5-EF7615615CC2}.Debug|x86.Build.0 = Debug|x86
		{8D4A2CB9-9E50-4BFD-98F5-EF7615615CC2}.Release|Any CPU.ActiveCfg = Release|Any CPU
		{8D4A2CB9-9E50-4BFD-98F5-EF7615615CC2}.Release|Any CPU.Build.0 = Release|Any CPU
		{8D4A2CB9-9E50-4BFD-98F5-EF7615615CC2}.Release|x86.ActiveCfg = Release|x86
		{8D4A2CB9-9E50-4BFD-98F5-EF7615615CC2}.Release|x86.Build.0 = Release|x86
	EndGlobalSection
	GlobalSection(SolutionProperties) = preSolution
		HideSolutionNode = FALSE
	EndGlobalSection
	GlobalSection(ExtensibilityGlobals) = postSolution
		SolutionGuid = {F8051E02-5A50-4CAE-91EF-260E2F6328BB}
	EndGlobalSection
EndGlobal
