
Microsoft Visual Studio Solution File, Format Version 12.00
# Visual Studio 15
VisualStudioVersion = 15.0.28307.1062
MinimumVisualStudioVersion = 10.0.40219.1
Project("{FAE04EC0-301F-11D3-BF4B-00C04F79EFBC}") = "ReentryCalculator", "ReentryCalculator\ReentryCalculator.csproj", "{2FE7887C-5BA0-4515-9ED0-0D44BA00514A}"
EndProject
Global
	GlobalSection(SolutionConfigurationPlatforms) = preSolution
		Debug|Any CPU = Debug|Any CPU
		Release|Any CPU = Release|Any CPU
	EndGlobalSection
	GlobalSection(ProjectConfigurationPlatforms) = postSolution
		{2FE7887C-5BA0-4515-9ED0-0D44BA00514A}.Debug|Any CPU.ActiveCfg = Debug|Any CPU
		{2FE7887C-5BA0-4515-9ED0-0D44BA00514A}.Debug|Any CPU.Build.0 = Debug|Any CPU
		{2FE7887C-5BA0-4515-9ED0-0D44BA00514A}.Release|Any CPU.ActiveCfg = Release|Any CPU
		{2FE7887C-5BA0-4515-9ED0-0D44BA00514A}.Release|Any CPU.Build.0 = Release|Any CPU
	EndGlobalSection
	GlobalSection(SolutionProperties) = preSolution
		HideSolutionNode = FALSE
	EndGlobalSection
	GlobalSection(ExtensibilityGlobals) = postSolution
		SolutionGuid = {425D157B-63DB-40AC-A9D9-F2ED659E730F}
	EndGlobalSection
EndGlobal
