Microsoft Visual Studio Solution File, Format Version 12.00
# Visual Studio 2013
VisualStudioVersion = 12.0.31101.0
MinimumVisualStudioVersion = 10.0.40219.1
Project("{2150E333-8FDC-42A3-9474-1A3956D46DE8}") = "Solution Items", "Solution Items", "{178C11B3-09EA-4CFD-9E97-1685CC531803}"
	ProjectSection(SolutionItems) = preProject
		CSharp\SunPhaseAngle\Access Constraints.xml = CSharp\SunPhaseAngle\Access Constraints.xml
	EndProjectSection
EndProject
Project("{FAE04EC0-301F-11D3-BF4B-00C04F79EFBC}") = "AGI.Access.Constraint.Plugin.Examples.CSharp.SunPhaseAngleExample", "AGI.Access.Constraint.Plugin.Examples.CSharp.SunPhaseAngleExample.csproj", "{52F2C42E-A9B5-404B-98B4-852FF10D5268}"
EndProject
Global
	GlobalSection(SolutionConfigurationPlatforms) = preSolution
		Debug|Any CPU = Debug|Any CPU
		Release|Any CPU = Release|Any CPU
	EndGlobalSection
	GlobalSection(ProjectConfigurationPlatforms) = postSolution
		{52F2C42E-A9B5-404B-98B4-852FF10D5268}.Debug|Any CPU.ActiveCfg = Debug|Any CPU
		{52F2C42E-A9B5-404B-98B4-852FF10D5268}.Debug|Any CPU.Build.0 = Debug|Any CPU
		{52F2C42E-A9B5-404B-98B4-852FF10D5268}.Release|Any CPU.ActiveCfg = Release|Any CPU
		{52F2C42E-A9B5-404B-98B4-852FF10D5268}.Release|Any CPU.Build.0 = Release|Any CPU
	EndGlobalSection
	GlobalSection(SolutionProperties) = preSolution
		HideSolutionNode = FALSE
	EndGlobalSection
EndGlobal
