
Microsoft Visual Studio Solution File, Format Version 12.00
# Visual Studio 2012
Project("{8BC9CEB8-8B4A-11D0-8D11-00A0C91BC942}") = "Drag.Scripting.Examples", "Drag.Scripting.Examples.vcxproj", "{F4626853-39A5-4447-98E8-64B7641B2FB9}"
EndProject
Global
	GlobalSection(SolutionConfigurationPlatforms) = preSolution
		Debug|Win32 = Debug|Win32
		Release|Win32 = Release|Win32
	EndGlobalSection
	GlobalSection(ProjectConfigurationPlatforms) = postSolution
		{F4626853-39A5-4447-98E8-64B7641B2FB9}.Debug|Win32.ActiveCfg = Debug|Win32
		{F4626853-39A5-4447-98E8-64B7641B2FB9}.Debug|Win32.Build.0 = Debug|Win32
		{F4626853-39A5-4447-98E8-64B7641B2FB9}.Release|Win32.ActiveCfg = Release|Win32
		{F4626853-39A5-4447-98E8-64B7641B2FB9}.Release|Win32.Build.0 = Release|Win32
	EndGlobalSection
	GlobalSection(SolutionProperties) = preSolution
		HideSolutionNode = FALSE
	EndGlobalSection
EndGlobal
