
Microsoft Visual Studio Solution File, Format Version 12.00
# Visual Studio Version 16
VisualStudioVersion = 16.0.29519.87
MinimumVisualStudioVersion = 10.0.40219.1
Project("{FAE04EC0-301F-11D3-BF4B-00C04F79EFBC}") = "Stk12.UiPlugin.CustomFrameEphemeris", "Stk12.UiPlugin.CustomFrameEphemeris\Stk12.UiPlugin.CustomFrameEphemeris.csproj", "{88BB4F6D-565A-4311-BCB5-80737533E2D7}"
EndProject
Project("{FAE04EC0-301F-11D3-BF4B-00C04F79EFBC}") = "STK12.UIPlugin.CustomFrameEphemerisCopier", "STK12.UIPlugin.CustomFrameEphemerisCopier\STK12.UIPlugin.CustomFrameEphemerisCopier.csproj", "{6280B3A9-432D-43D6-9785-A297AE7EC57D}"
EndProject
Global
	GlobalSection(SolutionConfigurationPlatforms) = preSolution
		Debug|Any CPU = Debug|Any CPU
		Debug|x64 = Debug|x64
		Debug|x86 = Debug|x86
		Release|Any CPU = Release|Any CPU
		Release|x64 = Release|x64
		Release|x86 = Release|x86
	EndGlobalSection
	GlobalSection(ProjectConfigurationPlatforms) = postSolution
		{88BB4F6D-565A-4311-BCB5-80737533E2D7}.Debug|Any CPU.ActiveCfg = Debug|Any CPU
		{88BB4F6D-565A-4311-BCB5-80737533E2D7}.Debug|Any CPU.Build.0 = Debug|Any CPU
		{88BB4F6D-565A-4311-BCB5-80737533E2D7}.Debug|x64.ActiveCfg = Debug|x64
		{88BB4F6D-565A-4311-BCB5-80737533E2D7}.Debug|x64.Build.0 = Debug|x64
		{88BB4F6D-565A-4311-BCB5-80737533E2D7}.Debug|x86.ActiveCfg = Debug|x86
		{88BB4F6D-565A-4311-BCB5-80737533E2D7}.Debug|x86.Build.0 = Debug|x86
		{88BB4F6D-565A-4311-BCB5-80737533E2D7}.Release|Any CPU.ActiveCfg = Release|Any CPU
		{88BB4F6D-565A-4311-BCB5-80737533E2D7}.Release|Any CPU.Build.0 = Release|Any CPU
		{88BB4F6D-565A-4311-BCB5-80737533E2D7}.Release|x64.ActiveCfg = Release|x64
		{88BB4F6D-565A-4311-BCB5-80737533E2D7}.Release|x64.Build.0 = Release|x64
		{88BB4F6D-565A-4311-BCB5-80737533E2D7}.Release|x86.ActiveCfg = Release|x86
		{88BB4F6D-565A-4311-BCB5-80737533E2D7}.Release|x86.Build.0 = Release|x86
		{6280B3A9-432D-43D6-9785-A297AE7EC57D}.Debug|Any CPU.ActiveCfg = Debug|Any CPU
		{6280B3A9-432D-43D6-9785-A297AE7EC57D}.Debug|Any CPU.Build.0 = Debug|Any CPU
		{6280B3A9-432D-43D6-9785-A297AE7EC57D}.Debug|x64.ActiveCfg = Debug|Any CPU
		{6280B3A9-432D-43D6-9785-A297AE7EC57D}.Debug|x64.Build.0 = Debug|Any CPU
		{6280B3A9-432D-43D6-9785-A297AE7EC57D}.Debug|x86.ActiveCfg = Debug|x86
		{6280B3A9-432D-43D6-9785-A297AE7EC57D}.Debug|x86.Build.0 = Debug|x86
		{6280B3A9-432D-43D6-9785-A297AE7EC57D}.Release|Any CPU.ActiveCfg = Release|Any CPU
		{6280B3A9-432D-43D6-9785-A297AE7EC57D}.Release|Any CPU.Build.0 = Release|Any CPU
		{6280B3A9-432D-43D6-9785-A297AE7EC57D}.Release|x64.ActiveCfg = Release|Any CPU
		{6280B3A9-432D-43D6-9785-A297AE7EC57D}.Release|x64.Build.0 = Release|Any CPU
		{6280B3A9-432D-43D6-9785-A297AE7EC57D}.Release|x86.ActiveCfg = Release|x86
		{6280B3A9-432D-43D6-9785-A297AE7EC57D}.Release|x86.Build.0 = Release|x86
	EndGlobalSection
	GlobalSection(SolutionProperties) = preSolution
		HideSolutionNode = FALSE
	EndGlobalSection
	GlobalSection(ExtensibilityGlobals) = postSolution
		SolutionGuid = {5282A99A-4FD9-425C-BD3B-2D5A581F7D54}
	EndGlobalSection
EndGlobal
