
Microsoft Visual Studio Solution File, Format Version 12.00
# Visual Studio 15
VisualStudioVersion = 15.0.28307.168
MinimumVisualStudioVersion = 10.0.40219.1
Project("{F184B08F-C81C-45F6-A57F-5ABD9991F28F}") = "Agi.Ui.Plugins.VB_Net.ReentryHeating", "Agi.Ui.Plugins.VB_Net.ReentryHeating.vbproj", "{7086A352-1F8E-45D8-9867-B33F6C998C5F}"
EndProject
Global
	GlobalSection(SolutionConfigurationPlatforms) = preSolution
		Debug|Any CPU = Debug|Any CPU
		Debug|x86 = Debug|x86
		Release|Any CPU = Release|Any CPU
		Release|x86 = Release|x86
	EndGlobalSection
	GlobalSection(ProjectConfigurationPlatforms) = postSolution
		{7086A352-1F8E-45D8-9867-B33F6C998C5F}.Debug|Any CPU.ActiveCfg = Debug|Any CPU
		{7086A352-1F8E-45D8-9867-B33F6C998C5F}.Debug|Any CPU.Build.0 = Debug|Any CPU
		{7086A352-1F8E-45D8-9867-B33F6C998C5F}.Debug|x86.ActiveCfg = Debug|x86
		{7086A352-1F8E-45D8-9867-B33F6C998C5F}.Debug|x86.Build.0 = Debug|x86
		{7086A352-1F8E-45D8-9867-B33F6C998C5F}.Release|Any CPU.ActiveCfg = Release|Any CPU
		{7086A352-1F8E-45D8-9867-B33F6C998C5F}.Release|Any CPU.Build.0 = Release|Any CPU
		{7086A352-1F8E-45D8-9867-B33F6C998C5F}.Release|x86.ActiveCfg = Release|x86
		{7086A352-1F8E-45D8-9867-B33F6C998C5F}.Release|x86.Build.0 = Release|x86
	EndGlobalSection
	GlobalSection(SolutionProperties) = preSolution
		HideSolutionNode = FALSE
	EndGlobalSection
	GlobalSection(ExtensibilityGlobals) = postSolution
		SolutionGuid = {7FD54753-9780-482B-B56E-4F873CB3FFB8}
	EndGlobalSection
EndGlobal
