
Microsoft Visual Studio Solution File, Format Version 11.00
# Visual Studio 2010
Project("{F184B08F-C81C-45F6-A57F-5ABD9991F28F}") = "ASCOM_Telescope_Utility", "WindowsApplication4\ASCOM_Telescope_Utility.vbproj", "{8A4E53E7-10C0-490B-BFB7-1B9713C04502}"
EndProject
Global
	GlobalSection(SolutionConfigurationPlatforms) = preSolution
		Debug|x86 = Debug|x86
		Release|x86 = Release|x86
	EndGlobalSection
	GlobalSection(ProjectConfigurationPlatforms) = postSolution
		{8A4E53E7-10C0-490B-BFB7-1B9713C04502}.Debug|x86.ActiveCfg = Debug|x86
		{8A4E53E7-10C0-490B-BFB7-1B9713C04502}.Debug|x86.Build.0 = Debug|x86
		{8A4E53E7-10C0-490B-BFB7-1B9713C04502}.Release|x86.ActiveCfg = Release|x86
		{8A4E53E7-10C0-490B-BFB7-1B9713C04502}.Release|x86.Build.0 = Release|x86
	EndGlobalSection
	GlobalSection(SolutionProperties) = preSolution
		HideSolutionNode = FALSE
	EndGlobalSection
EndGlobal
