
Microsoft Visual Studio Solution File, Format Version 12.00
# Visual Studio 15
VisualStudioVersion = 15.0.28010.2048
MinimumVisualStudioVersion = 10.0.40219.1
Project("{FAE04EC0-301F-11D3-BF4B-00C04F79EFBC}") = "ComspocDownloader", "ComspocDownloader\ComspocDownloader.csproj", "{C2D0DF67-477A-473B-90A2-278916EAEE11}"
EndProject
Project("{FAE04EC0-301F-11D3-BF4B-00C04F79EFBC}") = "StkCdmLibrary", "StkCdmLibrary\StkCdmLibrary.csproj", "{9C67258F-31C4-4023-BE5C-4720303A8F25}"
EndProject
Project("{FAE04EC0-301F-11D3-BF4B-00C04F79EFBC}") = "CDMComparison", "CDMComparison.UiPlugin\CDMComparison.csproj", "{F580A6AC-EAE8-4EE2-90D9-35074019C8CD}"
EndProject
Global
	GlobalSection(SolutionConfigurationPlatforms) = preSolution
		Debug|Any CPU = Debug|Any CPU
		Debug|Mixed Platforms = Debug|Mixed Platforms
		Debug|x64 = Debug|x64
		Debug|x86 = Debug|x86
		Release|Any CPU = Release|Any CPU
		Release|Mixed Platforms = Release|Mixed Platforms
		Release|x64 = Release|x64
		Release|x86 = Release|x86
	EndGlobalSection
	GlobalSection(ProjectConfigurationPlatforms) = postSolution
		{C2D0DF67-477A-473B-90A2-278916EAEE11}.Debug|Any CPU.ActiveCfg = Debug|Any CPU
		{C2D0DF67-477A-473B-90A2-278916EAEE11}.Debug|Any CPU.Build.0 = Debug|Any CPU
		{C2D0DF67-477A-473B-90A2-278916EAEE11}.Debug|Mixed Platforms.ActiveCfg = Debug|Any CPU
		{C2D0DF67-477A-473B-90A2-278916EAEE11}.Debug|Mixed Platforms.Build.0 = Debug|Any CPU
		{C2D0DF67-477A-473B-90A2-278916EAEE11}.Debug|x64.ActiveCfg = Debug|x64
		{C2D0DF67-477A-473B-90A2-278916EAEE11}.Debug|x64.Build.0 = Debug|x64
		{C2D0DF67-477A-473B-90A2-278916EAEE11}.Debug|x86.ActiveCfg = Debug|Any CPU
		{C2D0DF67-477A-473B-90A2-278916EAEE11}.Release|Any CPU.ActiveCfg = Release|Any CPU
		{C2D0DF67-477A-473B-90A2-278916EAEE11}.Release|Any CPU.Build.0 = Release|Any CPU
		{C2D0DF67-477A-473B-90A2-278916EAEE11}.Release|Mixed Platforms.ActiveCfg = Release|Any CPU
		{C2D0DF67-477A-473B-90A2-278916EAEE11}.Release|Mixed Platforms.Build.0 = Release|Any CPU
		{C2D0DF67-477A-473B-90A2-278916EAEE11}.Release|x64.ActiveCfg = Release|x64
		{C2D0DF67-477A-473B-90A2-278916EAEE11}.Release|x64.Build.0 = Release|x64
		{C2D0DF67-477A-473B-90A2-278916EAEE11}.Release|x86.ActiveCfg = Release|Any CPU
		{9C67258F-31C4-4023-BE5C-4720303A8F25}.Debug|Any CPU.ActiveCfg = Debug|Any CPU
		{9C67258F-31C4-4023-BE5C-4720303A8F25}.Debug|Any CPU.Build.0 = Debug|Any CPU
		{9C67258F-31C4-4023-BE5C-4720303A8F25}.Debug|Mixed Platforms.ActiveCfg = Debug|Any CPU
		{9C67258F-31C4-4023-BE5C-4720303A8F25}.Debug|Mixed Platforms.Build.0 = Debug|Any CPU
		{9C67258F-31C4-4023-BE5C-4720303A8F25}.Debug|x64.ActiveCfg = Debug|x64
		{9C67258F-31C4-4023-BE5C-4720303A8F25}.Debug|x64.Build.0 = Debug|x64
		{9C67258F-31C4-4023-BE5C-4720303A8F25}.Debug|x86.ActiveCfg = Debug|Any CPU
		{9C67258F-31C4-4023-BE5C-4720303A8F25}.Debug|x86.Build.0 = Debug|Any CPU
		{9C67258F-31C4-4023-BE5C-4720303A8F25}.Release|Any CPU.ActiveCfg = Release|Any CPU
		{9C67258F-31C4-4023-BE5C-4720303A8F25}.Release|Any CPU.Build.0 = Release|Any CPU
		{9C67258F-31C4-4023-BE5C-4720303A8F25}.Release|Mixed Platforms.ActiveCfg = Release|Any CPU
		{9C67258F-31C4-4023-BE5C-4720303A8F25}.Release|Mixed Platforms.Build.0 = Release|Any CPU
		{9C67258F-31C4-4023-BE5C-4720303A8F25}.Release|x64.ActiveCfg = Release|x64
		{9C67258F-31C4-4023-BE5C-4720303A8F25}.Release|x64.Build.0 = Release|x64
		{9C67258F-31C4-4023-BE5C-4720303A8F25}.Release|x86.ActiveCfg = Release|Any CPU
		{9C67258F-31C4-4023-BE5C-4720303A8F25}.Release|x86.Build.0 = Release|Any CPU
		{F580A6AC-EAE8-4EE2-90D9-35074019C8CD}.Debug|Any CPU.ActiveCfg = Debug|Any CPU
		{F580A6AC-EAE8-4EE2-90D9-35074019C8CD}.Debug|Any CPU.Build.0 = Debug|Any CPU
		{F580A6AC-EAE8-4EE2-90D9-35074019C8CD}.Debug|Mixed Platforms.ActiveCfg = Debug|x86
		{F580A6AC-EAE8-4EE2-90D9-35074019C8CD}.Debug|Mixed Platforms.Build.0 = Debug|x86
		{F580A6AC-EAE8-4EE2-90D9-35074019C8CD}.Debug|x64.ActiveCfg = Debug|x64
		{F580A6AC-EAE8-4EE2-90D9-35074019C8CD}.Debug|x64.Build.0 = Debug|x64
		{F580A6AC-EAE8-4EE2-90D9-35074019C8CD}.Debug|x86.ActiveCfg = Debug|x86
		{F580A6AC-EAE8-4EE2-90D9-35074019C8CD}.Debug|x86.Build.0 = Debug|x86
		{F580A6AC-EAE8-4EE2-90D9-35074019C8CD}.Release|Any CPU.ActiveCfg = Release|Any CPU
		{F580A6AC-EAE8-4EE2-90D9-35074019C8CD}.Release|Any CPU.Build.0 = Release|Any CPU
		{F580A6AC-EAE8-4EE2-90D9-35074019C8CD}.Release|Mixed Platforms.ActiveCfg = Release|x86
		{F580A6AC-EAE8-4EE2-90D9-35074019C8CD}.Release|Mixed Platforms.Build.0 = Release|x86
		{F580A6AC-EAE8-4EE2-90D9-35074019C8CD}.Release|x64.ActiveCfg = Release|x64
		{F580A6AC-EAE8-4EE2-90D9-35074019C8CD}.Release|x64.Build.0 = Release|x64
		{F580A6AC-EAE8-4EE2-90D9-35074019C8CD}.Release|x86.ActiveCfg = Release|x86
		{F580A6AC-EAE8-4EE2-90D9-35074019C8CD}.Release|x86.Build.0 = Release|x86
	EndGlobalSection
	GlobalSection(SolutionProperties) = preSolution
		HideSolutionNode = FALSE
	EndGlobalSection
	GlobalSection(ExtensibilityGlobals) = postSolution
		SolutionGuid = {57039853-8D99-4436-9B8B-8737D7CBB86C}
	EndGlobalSection
EndGlobal
