
Microsoft Visual Studio Solution File, Format Version 12.00
# Visual Studio 15
VisualStudioVersion = 15.0.26228.4
MinimumVisualStudioVersion = 10.0.40219.1
Project("{F184B08F-C81C-45F6-A57F-5ABD9991F28F}") = "TerrainConverter", "TerrainConverter.vbproj", "{BDE533A7-2719-4124-B125-DAFB35E643E0}"
EndProject
Global
	GlobalSection(SolutionConfigurationPlatforms) = preSolution
		Debug|Any CPU = Debug|Any CPU
		Release|Any CPU = Release|Any CPU
	EndGlobalSection
	GlobalSection(ProjectConfigurationPlatforms) = postSolution
		{BDE533A7-2719-4124-B125-DAFB35E643E0}.Debug|Any CPU.ActiveCfg = Debug|Any CPU
		{BDE533A7-2719-4124-B125-DAFB35E643E0}.Debug|Any CPU.Build.0 = Debug|Any CPU
		{BDE533A7-2719-4124-B125-DAFB35E643E0}.Release|Any CPU.ActiveCfg = Release|Any CPU
		{BDE533A7-2719-4124-B125-DAFB35E643E0}.Release|Any CPU.Build.0 = Release|Any CPU
	EndGlobalSection
	GlobalSection(SolutionProperties) = preSolution
		HideSolutionNode = FALSE
	EndGlobalSection
	GlobalSection(ExtensibilityGlobals) = postSolution
		SolutionGuid = {3D320DE3-FBA3-43DD-B453-ED04DD3988E0}
	EndGlobalSection
EndGlobal
