
Microsoft Visual Studio Solution File, Format Version 11.00
# Visual Studio 2010
Project("{FAE04EC0-301F-11D3-BF4B-00C04F79EFBC}") = "PlanetsToggle_10", "PlanetsToggle_10.csproj", "{8BAEA94A-4B75-4727-A788-D4F928DFF818}"
EndProject
Project("{54435603-DBB4-11D2-8724-00A0C9A8B90C}") = "PlanetToggleSetup", "..\PlanetToggleSetup\PlanetToggleSetup.vdproj", "{5D7D98E9-D832-4AF8-B1B1-B825BB4D0EB0}"
EndProject
Global
	GlobalSection(SolutionConfigurationPlatforms) = preSolution
		Debug|x86 = Debug|x86
		Release|x86 = Release|x86
	EndGlobalSection
	GlobalSection(ProjectConfigurationPlatforms) = postSolution
		{8BAEA94A-4B75-4727-A788-D4F928DFF818}.Debug|x86.ActiveCfg = Debug|x86
		{8BAEA94A-4B75-4727-A788-D4F928DFF818}.Debug|x86.Build.0 = Debug|x86
		{8BAEA94A-4B75-4727-A788-D4F928DFF818}.Release|x86.ActiveCfg = Release|x86
		{8BAEA94A-4B75-4727-A788-D4F928DFF818}.Release|x86.Build.0 = Release|x86
		{5D7D98E9-D832-4AF8-B1B1-B825BB4D0EB0}.Debug|x86.ActiveCfg = Debug
		{5D7D98E9-D832-4AF8-B1B1-B825BB4D0EB0}.Release|x86.ActiveCfg = Release
	EndGlobalSection
	GlobalSection(SolutionProperties) = preSolution
		HideSolutionNode = FALSE
	EndGlobalSection
EndGlobal
